
Microsoft Visual Studio Solution File, Format Version 12.00
# Visual Studio Version 16
VisualStudioVersion = 16.0.31105.61
MinimumVisualStudioVersion = 10.0.40219.1
Project("{FAE04EC0-301F-11D3-BF4B-00C04F79EFBC}") = "MediatorDemo", "MediatorDemo.csproj", "{2CA35C26-E775-4B7C-B344-9A488094D34D}"
EndProject
Global
	GlobalSection(SolutionConfigurationPlatforms) = preSolution
		Debug|Any CPU = Debug|Any CPU
		Release|Any CPU = Release|Any CPU
	EndGlobalSection
	GlobalSection(ProjectConfigurationPlatforms) = postSolution
		{2CA35C26-E775-4B7C-B344-9A488094D34D}.Debug|Any CPU.ActiveCfg = Debug|Any CPU
		{2CA35C26-E775-4B7C-B344-9A488094D34D}.Debug|Any CPU.Build.0 = Debug|Any CPU
		{2CA35C26-E775-4B7C-B344-9A488094D34D}.Release|Any CPU.ActiveCfg = Release|Any CPU
		{2CA35C26-E775-4B7C-B344-9A488094D34D}.Release|Any CPU.Build.0 = Release|Any CPU
	EndGlobalSection
	GlobalSection(SolutionProperties) = preSolution
		HideSolutionNode = FALSE
	EndGlobalSection
	GlobalSection(ExtensibilityGlobals) = postSolution
		SolutionGuid = {631467DD-272B-4DDA-BD4A-BECE97B5BA8D}
	EndGlobalSection
EndGlobal
